
Microsoft Visual Studio Solution File, Format Version 12.00
# Visual Studio Version 17
VisualStudioVersion = 17.3.32901.215
MinimumVisualStudioVersion = 10.0.40219.1
Project("{8BC9CEB8-8B4A-11D0-8D11-00A0C91BC942}") = "task1", "task1\task1.vcxproj", "{5249F882-3639-4019-BCE9-F2C8027CED85}"
EndProject
Project("{8BC9CEB8-8B4A-11D0-8D11-00A0C91BC942}") = "task2", "task2\task2.vcxproj", "{C4325BA5-EF74-46F6-85EA-52501FFBE74D}"
EndProject
Project("{8BC9CEB8-8B4A-11D0-8D11-00A0C91BC942}") = "task3", "task3\task3.vcxproj", "{BCD41374-5C4C-445A-A966-8F8756DC9D9D}"
EndProject
Project("{8BC9CEB8-8B4A-11D0-8D11-00A0C91BC942}") = "task4", "task4\task4.vcxproj", "{0F6D454E-C0CE-4168-A13E-4DEEF8F3D66F}"
EndProject
Project("{8BC9CEB8-8B4A-11D0-8D11-00A0C91BC942}") = "task5", "task5\task5.vcxproj", "{B528C65F-6A7C-46B4-9091-7CA7CD01BBCA}"
EndProject
Project("{8BC9CEB8-8B4A-11D0-8D11-00A0C91BC942}") = "task6", "task6\task6.vcxproj", "{79FA5BBF-7DE6-42ED-89BC-CAD1561F3FF1}"
EndProject
Project("{8BC9CEB8-8B4A-11D0-8D11-00A0C91BC942}") = "task7", "task7\task7.vcxproj", "{4C0196C3-0BFD-4F67-9D9D-94AC5CF6DDD3}"
EndProject
Global
	GlobalSection(SolutionConfigurationPlatforms) = preSolution
		Debug|x64 = Debug|x64
		Debug|x86 = Debug|x86
		Release|x64 = Release|x64
		Release|x86 = Release|x86
	EndGlobalSection
	GlobalSection(ProjectConfigurationPlatforms) = postSolution
		{5249F882-3639-4019-BCE9-F2C8027CED85}.Debug|x64.ActiveCfg = Debug|x64
		{5249F882-3639-4019-BCE9-F2C8027CED85}.Debug|x64.Build.0 = Debug|x64
		{5249F882-3639-4019-BCE9-F2C8027CED85}.Debug|x86.ActiveCfg = Debug|Win32
		{5249F882-3639-4019-BCE9-F2C8027CED85}.Debug|x86.Build.0 = Debug|Win32
		{5249F882-3639-4019-BCE9-F2C8027CED85}.Release|x64.ActiveCfg = Release|x64
		{5249F882-3639-4019-BCE9-F2C8027CED85}.Release|x64.Build.0 = Release|x64
		{5249F882-3639-4019-BCE9-F2C8027CED85}.Release|x86.ActiveCfg = Release|Win32
		{5249F882-3639-4019-BCE9-F2C8027CED85}.Release|x86.Build.0 = Release|Win32
		{C4325BA5-EF74-46F6-85EA-52501FFBE74D}.Debug|x64.ActiveCfg = Debug|x64
		{C4325BA5-EF74-46F6-85EA-52501FFBE74D}.Debug|x64.Build.0 = Debug|x64
		{C4325BA5-EF74-46F6-85EA-52501FFBE74D}.Debug|x86.ActiveCfg = Debug|Win32
		{C4325BA5-EF74-46F6-85EA-52501FFBE74D}.Debug|x86.Build.0 = Debug|Win32
		{C4325BA5-EF74-46F6-85EA-52501FFBE74D}.Release|x64.ActiveCfg = Release|x64
		{C4325BA5-EF74-46F6-85EA-52501FFBE74D}.Release|x64.Build.0 = Release|x64
		{C4325BA5-EF74-46F6-85EA-52501FFBE74D}.Release|x86.ActiveCfg = Release|Win32
		{C4325BA5-EF74-46F6-85EA-52501FFBE74D}.Release|x86.Build.0 = Release|Win32
		{BCD41374-5C4C-445A-A966-8F8756DC9D9D}.Debug|x64.ActiveCfg = Debug|x64
		{BCD41374-5C4C-445A-A966-8F8756DC9D9D}.Debug|x64.Build.0 = Debug|x64
		{BCD41374-5C4C-445A-A966-8F8756DC9D9D}.Debug|x86.ActiveCfg = Debug|Win32
		{BCD41374-5C4C-445A-A966-8F8756DC9D9D}.Debug|x86.Build.0 = Debug|Win32
		{BCD41374-5C4C-445A-A966-8F8756DC9D9D}.Release|x64.ActiveCfg = Release|x64
		{BCD41374-5C4C-445A-A966-8F8756DC9D9D}.Release|x64.Build.0 = Release|x64
		{BCD41374-5C4C-445A-A966-8F8756DC9D9D}.Release|x86.ActiveCfg = Release|Win32
		{BCD41374-5C4C-445A-A966-8F8756DC9D9D}.Release|x86.Build.0 = Release|Win32
		{0F6D454E-C0CE-4168-A13E-4DEEF8F3D66F}.Debug|x64.ActiveCfg = Debug|x64
		{0F6D454E-C0CE-4168-A13E-4DEEF8F3D66F}.Debug|x64.Build.0 = Debug|x64
		{0F6D454E-C0CE-4168-A13E-4DEEF8F3D66F}.Debug|x86.ActiveCfg = Debug|Win32
		{0F6D454E-C0CE-4168-A13E-4DEEF8F3D66F}.Debug|x86.Build.0 = Debug|Win32
		{0F6D454E-C0CE-4168-A13E-4DEEF8F3D66F}.Release|x64.ActiveCfg = Release|x64
		{0F6D454E-C0CE-4168-A13E-4DEEF8F3D66F}.Release|x64.Build.0 = Release|x64
		{0F6D454E-C0CE-4168-A13E-4DEEF8F3D66F}.Release|x86.ActiveCfg = Release|Win32
		{0F6D454E-C0CE-4168-A13E-4DEEF8F3D66F}.Release|x86.Build.0 = Release|Win32
		{B528C65F-6A7C-46B4-9091-7CA7CD01BBCA}.Debug|x64.ActiveCfg = Debug|x64
		{B528C65F-6A7C-46B4-9091-7CA7CD01BBCA}.Debug|x64.Build.0 = Debug|x64
		{B528C65F-6A7C-46B4-9091-7CA7CD01BBCA}.Debug|x86.ActiveCfg = Debug|Win32
		{B528C65F-6A7C-46B4-9091-7CA7CD01BBCA}.Debug|x86.Build.0 = Debug|Win32
		{B528C65F-6A7C-46B4-9091-7CA7CD01BBCA}.Release|x64.ActiveCfg = Release|x64
		{B528C65F-6A7C-46B4-9091-7CA7CD01BBCA}.Release|x64.Build.0 = Release|x64
		{B528C65F-6A7C-46B4-9091-7CA7CD01BBCA}.Release|x86.ActiveCfg = Release|Win32
		{B528C65F-6A7C-46B4-9091-7CA7CD01BBCA}.Release|x86.Build.0 = Release|Win32
		{79FA5BBF-7DE6-42ED-89BC-CAD1561F3FF1}.Debug|x64.ActiveCfg = Debug|x64
		{79FA5BBF-7DE6-42ED-89BC-CAD1561F3FF1}.Debug|x64.Build.0 = Debug|x64
		{79FA5BBF-7DE6-42ED-89BC-CAD1561F3FF1}.Debug|x86.ActiveCfg = Debug|Win32
		{79FA5BBF-7DE6-42ED-89BC-CAD1561F3FF1}.Debug|x86.Build.0 = Debug|Win32
		{79FA5BBF-7DE6-42ED-89BC-CAD1561F3FF1}.Release|x64.ActiveCfg = Release|x64
		{79FA5BBF-7DE6-42ED-89BC-CAD1561F3FF1}.Release|x64.Build.0 = Release|x64
		{79FA5BBF-7DE6-42ED-89BC-CAD1561F3FF1}.Release|x86.ActiveCfg = Release|Win32
		{79FA5BBF-7DE6-42ED-89BC-CAD1561F3FF1}.Release|x86.Build.0 = Release|Win32
		{4C0196C3-0BFD-4F67-9D9D-94AC5CF6DDD3}.Debug|x64.ActiveCfg = Debug|x64
		{4C0196C3-0BFD-4F67-9D9D-94AC5CF6DDD3}.Debug|x64.Build.0 = Debug|x64
		{4C0196C3-0BFD-4F67-9D9D-94AC5CF6DDD3}.Debug|x86.ActiveCfg = Debug|Win32
		{4C0196C3-0BFD-4F67-9D9D-94AC5CF6DDD3}.Debug|x86.Build.0 = Debug|Win32
		{4C0196C3-0BFD-4F67-9D9D-94AC5CF6DDD3}.Release|x64.ActiveCfg = Release|x64
		{4C0196C3-0BFD-4F67-9D9D-94AC5CF6DDD3}.Release|x64.Build.0 = Release|x64
		{4C0196C3-0BFD-4F67-9D9D-94AC5CF6DDD3}.Release|x86.ActiveCfg = Release|Win32
		{4C0196C3-0BFD-4F67-9D9D-94AC5CF6DDD3}.Release|x86.Build.0 = Release|Win32
	EndGlobalSection
	GlobalSection(SolutionProperties) = preSolution
		HideSolutionNode = FALSE
	EndGlobalSection
	GlobalSection(ExtensibilityGlobals) = postSolution
		SolutionGuid = {1E05A29E-7CBF-4791-92EE-1F4FDFEAA747}
	EndGlobalSection
EndGlobal
