
Microsoft Visual Studio Solution File, Format Version 12.00
# Visual Studio Version 17
VisualStudioVersion = 17.3.32901.215
MinimumVisualStudioVersion = 10.0.40219.1
Project("{8BC9CEB8-8B4A-11D0-8D11-00A0C91BC942}") = "task1", "task1\task1.vcxproj", "{814B8240-2BF3-4F28-AB3F-8C41ECA48B0A}"
EndProject
Project("{8BC9CEB8-8B4A-11D0-8D11-00A0C91BC942}") = "task2", "task2\task2.vcxproj", "{33E126EC-179E-4196-B8C4-E1F5EA2A632E}"
EndProject
Project("{8BC9CEB8-8B4A-11D0-8D11-00A0C91BC942}") = "task3", "task3\task3.vcxproj", "{EA02A7EB-AA4D-4B7C-915B-B7097C0199FB}"
EndProject
Project("{8BC9CEB8-8B4A-11D0-8D11-00A0C91BC942}") = "task4", "task4\task4.vcxproj", "{6DF7727C-CB0A-4A99-B984-313B2BDF58A7}"
EndProject
Project("{8BC9CEB8-8B4A-11D0-8D11-00A0C91BC942}") = "task5", "task5\task5.vcxproj", "{D6FB0729-11CB-48F2-95C0-CC4BA8882A46}"
EndProject
Project("{8BC9CEB8-8B4A-11D0-8D11-00A0C91BC942}") = "task6", "task6\task6.vcxproj", "{1B6869CE-2C84-47FA-A73E-82CF21EEEBDE}"
EndProject
Project("{8BC9CEB8-8B4A-11D0-8D11-00A0C91BC942}") = "task7", "task7\task7.vcxproj", "{9DADA6B8-DA32-4042-81CE-F56491363895}"
EndProject
Project("{8BC9CEB8-8B4A-11D0-8D11-00A0C91BC942}") = "task8", "task8\task8.vcxproj", "{9FBAB968-62B9-4349-A96C-84429FE4F922}"
EndProject
Project("{8BC9CEB8-8B4A-11D0-8D11-00A0C91BC942}") = "task9", "task9\task9.vcxproj", "{165C6345-753D-4470-90F6-9919B79B6E63}"
EndProject
Project("{8BC9CEB8-8B4A-11D0-8D11-00A0C91BC942}") = "task10", "task10\task10.vcxproj", "{6C153803-3310-4BF4-BCC1-6B94431E421F}"
EndProject
Global
	GlobalSection(SolutionConfigurationPlatforms) = preSolution
		Debug|x64 = Debug|x64
		Debug|x86 = Debug|x86
		Release|x64 = Release|x64
		Release|x86 = Release|x86
	EndGlobalSection
	GlobalSection(ProjectConfigurationPlatforms) = postSolution
		{814B8240-2BF3-4F28-AB3F-8C41ECA48B0A}.Debug|x64.ActiveCfg = Debug|x64
		{814B8240-2BF3-4F28-AB3F-8C41ECA48B0A}.Debug|x64.Build.0 = Debug|x64
		{814B8240-2BF3-4F28-AB3F-8C41ECA48B0A}.Debug|x86.ActiveCfg = Debug|Win32
		{814B8240-2BF3-4F28-AB3F-8C41ECA48B0A}.Debug|x86.Build.0 = Debug|Win32
		{814B8240-2BF3-4F28-AB3F-8C41ECA48B0A}.Release|x64.ActiveCfg = Release|x64
		{814B8240-2BF3-4F28-AB3F-8C41ECA48B0A}.Release|x64.Build.0 = Release|x64
		{814B8240-2BF3-4F28-AB3F-8C41ECA48B0A}.Release|x86.ActiveCfg = Release|Win32
		{814B8240-2BF3-4F28-AB3F-8C41ECA48B0A}.Release|x86.Build.0 = Release|Win32
		{33E126EC-179E-4196-B8C4-E1F5EA2A632E}.Debug|x64.ActiveCfg = Debug|x64
		{33E126EC-179E-4196-B8C4-E1F5EA2A632E}.Debug|x64.Build.0 = Debug|x64
		{33E126EC-179E-4196-B8C4-E1F5EA2A632E}.Debug|x86.ActiveCfg = Debug|Win32
		{33E126EC-179E-4196-B8C4-E1F5EA2A632E}.Debug|x86.Build.0 = Debug|Win32
		{33E126EC-179E-4196-B8C4-E1F5EA2A632E}.Release|x64.ActiveCfg = Release|x64
		{33E126EC-179E-4196-B8C4-E1F5EA2A632E}.Release|x64.Build.0 = Release|x64
		{33E126EC-179E-4196-B8C4-E1F5EA2A632E}.Release|x86.ActiveCfg = Release|Win32
		{33E126EC-179E-4196-B8C4-E1F5EA2A632E}.Release|x86.Build.0 = Release|Win32
		{EA02A7EB-AA4D-4B7C-915B-B7097C0199FB}.Debug|x64.ActiveCfg = Debug|x64
		{EA02A7EB-AA4D-4B7C-915B-B7097C0199FB}.Debug|x64.Build.0 = Debug|x64
		{EA02A7EB-AA4D-4B7C-915B-B7097C0199FB}.Debug|x86.ActiveCfg = Debug|Win32
		{EA02A7EB-AA4D-4B7C-915B-B7097C0199FB}.Debug|x86.Build.0 = Debug|Win32
		{EA02A7EB-AA4D-4B7C-915B-B7097C0199FB}.Release|x64.ActiveCfg = Release|x64
		{EA02A7EB-AA4D-4B7C-915B-B7097C0199FB}.Release|x64.Build.0 = Release|x64
		{EA02A7EB-AA4D-4B7C-915B-B7097C0199FB}.Release|x86.ActiveCfg = Release|Win32
		{EA02A7EB-AA4D-4B7C-915B-B7097C0199FB}.Release|x86.Build.0 = Release|Win32
		{6DF7727C-CB0A-4A99-B984-313B2BDF58A7}.Debug|x64.ActiveCfg = Debug|x64
		{6DF7727C-CB0A-4A99-B984-313B2BDF58A7}.Debug|x64.Build.0 = Debug|x64
		{6DF7727C-CB0A-4A99-B984-313B2BDF58A7}.Debug|x86.ActiveCfg = Debug|Win32
		{6DF7727C-CB0A-4A99-B984-313B2BDF58A7}.Debug|x86.Build.0 = Debug|Win32
		{6DF7727C-CB0A-4A99-B984-313B2BDF58A7}.Release|x64.ActiveCfg = Release|x64
		{6DF7727C-CB0A-4A99-B984-313B2BDF58A7}.Release|x64.Build.0 = Release|x64
		{6DF7727C-CB0A-4A99-B984-313B2BDF58A7}.Release|x86.ActiveCfg = Release|Win32
		{6DF7727C-CB0A-4A99-B984-313B2BDF58A7}.Release|x86.Build.0 = Release|Win32
		{D6FB0729-11CB-48F2-95C0-CC4BA8882A46}.Debug|x64.ActiveCfg = Debug|x64
		{D6FB0729-11CB-48F2-95C0-CC4BA8882A46}.Debug|x64.Build.0 = Debug|x64
		{D6FB0729-11CB-48F2-95C0-CC4BA8882A46}.Debug|x86.ActiveCfg = Debug|Win32
		{D6FB0729-11CB-48F2-95C0-CC4BA8882A46}.Debug|x86.Build.0 = Debug|Win32
		{D6FB0729-11CB-48F2-95C0-CC4BA8882A46}.Release|x64.ActiveCfg = Release|x64
		{D6FB0729-11CB-48F2-95C0-CC4BA8882A46}.Release|x64.Build.0 = Release|x64
		{D6FB0729-11CB-48F2-95C0-CC4BA8882A46}.Release|x86.ActiveCfg = Release|Win32
		{D6FB0729-11CB-48F2-95C0-CC4BA8882A46}.Release|x86.Build.0 = Release|Win32
		{1B6869CE-2C84-47FA-A73E-82CF21EEEBDE}.Debug|x64.ActiveCfg = Debug|x64
		{1B6869CE-2C84-47FA-A73E-82CF21EEEBDE}.Debug|x64.Build.0 = Debug|x64
		{1B6869CE-2C84-47FA-A73E-82CF21EEEBDE}.Debug|x86.ActiveCfg = Debug|Win32
		{1B6869CE-2C84-47FA-A73E-82CF21EEEBDE}.Debug|x86.Build.0 = Debug|Win32
		{1B6869CE-2C84-47FA-A73E-82CF21EEEBDE}.Release|x64.ActiveCfg = Release|x64
		{1B6869CE-2C84-47FA-A73E-82CF21EEEBDE}.Release|x64.Build.0 = Release|x64
		{1B6869CE-2C84-47FA-A73E-82CF21EEEBDE}.Release|x86.ActiveCfg = Release|Win32
		{1B6869CE-2C84-47FA-A73E-82CF21EEEBDE}.Release|x86.Build.0 = Release|Win32
		{9DADA6B8-DA32-4042-81CE-F56491363895}.Debug|x64.ActiveCfg = Debug|x64
		{9DADA6B8-DA32-4042-81CE-F56491363895}.Debug|x64.Build.0 = Debug|x64
		{9DADA6B8-DA32-4042-81CE-F56491363895}.Debug|x86.ActiveCfg = Debug|Win32
		{9DADA6B8-DA32-4042-81CE-F56491363895}.Debug|x86.Build.0 = Debug|Win32
		{9DADA6B8-DA32-4042-81CE-F56491363895}.Release|x64.ActiveCfg = Release|x64
		{9DADA6B8-DA32-4042-81CE-F56491363895}.Release|x64.Build.0 = Release|x64
		{9DADA6B8-DA32-4042-81CE-F56491363895}.Release|x86.ActiveCfg = Release|Win32
		{9DADA6B8-DA32-4042-81CE-F56491363895}.Release|x86.Build.0 = Release|Win32
		{9FBAB968-62B9-4349-A96C-84429FE4F922}.Debug|x64.ActiveCfg = Debug|x64
		{9FBAB968-62B9-4349-A96C-84429FE4F922}.Debug|x64.Build.0 = Debug|x64
		{9FBAB968-62B9-4349-A96C-84429FE4F922}.Debug|x86.ActiveCfg = Debug|Win32
		{9FBAB968-62B9-4349-A96C-84429FE4F922}.Debug|x86.Build.0 = Debug|Win32
		{9FBAB968-62B9-4349-A96C-84429FE4F922}.Release|x64.ActiveCfg = Release|x64
		{9FBAB968-62B9-4349-A96C-84429FE4F922}.Release|x64.Build.0 = Release|x64
		{9FBAB968-62B9-4349-A96C-84429FE4F922}.Release|x86.ActiveCfg = Release|Win32
		{9FBAB968-62B9-4349-A96C-84429FE4F922}.Release|x86.Build.0 = Release|Win32
		{165C6345-753D-4470-90F6-9919B79B6E63}.Debug|x64.ActiveCfg = Debug|x64
		{165C6345-753D-4470-90F6-9919B79B6E63}.Debug|x64.Build.0 = Debug|x64
		{165C6345-753D-4470-90F6-9919B79B6E63}.Debug|x86.ActiveCfg = Debug|Win32
		{165C6345-753D-4470-90F6-9919B79B6E63}.Debug|x86.Build.0 = Debug|Win32
		{165C6345-753D-4470-90F6-9919B79B6E63}.Release|x64.ActiveCfg = Release|x64
		{165C6345-753D-4470-90F6-9919B79B6E63}.Release|x64.Build.0 = Release|x64
		{165C6345-753D-4470-90F6-9919B79B6E63}.Release|x86.ActiveCfg = Release|Win32
		{165C6345-753D-4470-90F6-9919B79B6E63}.Release|x86.Build.0 = Release|Win32
		{6C153803-3310-4BF4-BCC1-6B94431E421F}.Debug|x64.ActiveCfg = Debug|x64
		{6C153803-3310-4BF4-BCC1-6B94431E421F}.Debug|x64.Build.0 = Debug|x64
		{6C153803-3310-4BF4-BCC1-6B94431E421F}.Debug|x86.ActiveCfg = Debug|Win32
		{6C153803-3310-4BF4-BCC1-6B94431E421F}.Debug|x86.Build.0 = Debug|Win32
		{6C153803-3310-4BF4-BCC1-6B94431E421F}.Release|x64.ActiveCfg = Release|x64
		{6C153803-3310-4BF4-BCC1-6B94431E421F}.Release|x64.Build.0 = Release|x64
		{6C153803-3310-4BF4-BCC1-6B94431E421F}.Release|x86.ActiveCfg = Release|Win32
		{6C153803-3310-4BF4-BCC1-6B94431E421F}.Release|x86.Build.0 = Release|Win32
	EndGlobalSection
	GlobalSection(SolutionProperties) = preSolution
		HideSolutionNode = FALSE
	EndGlobalSection
	GlobalSection(ExtensibilityGlobals) = postSolution
		SolutionGuid = {CDDBC17C-13A3-46FE-88A7-FF2BCE0637CC}
	EndGlobalSection
EndGlobal
