
Microsoft Visual Studio Solution File, Format Version 12.00
# Visual Studio Version 17
VisualStudioVersion = 17.3.32901.215
MinimumVisualStudioVersion = 10.0.40219.1
Project("{8BC9CEB8-8B4A-11D0-8D11-00A0C91BC942}") = "task1", "task1\task1.vcxproj", "{A5346E66-09D9-40E7-BD7F-DBF507E84397}"
EndProject
Project("{8BC9CEB8-8B4A-11D0-8D11-00A0C91BC942}") = "task2", "task2\task2.vcxproj", "{810A49E7-D853-42D7-AD3F-5B64A7713163}"
EndProject
Project("{8BC9CEB8-8B4A-11D0-8D11-00A0C91BC942}") = "task3", "task3\task3.vcxproj", "{B4135392-60D8-4C0F-B0AC-F0C15BFD0117}"
EndProject
Project("{8BC9CEB8-8B4A-11D0-8D11-00A0C91BC942}") = "task4", "task4\task4.vcxproj", "{76E75C9B-58BB-4A2A-BF1B-9A83A72F46B1}"
EndProject
Project("{8BC9CEB8-8B4A-11D0-8D11-00A0C91BC942}") = "task5", "task5\task5.vcxproj", "{38AD35A4-1A88-4A29-A187-7FB2D655E691}"
EndProject
Project("{8BC9CEB8-8B4A-11D0-8D11-00A0C91BC942}") = "task6", "task6\task6.vcxproj", "{A056DE5B-8881-4BDF-9F44-EDDE8FF56713}"
EndProject
Project("{8BC9CEB8-8B4A-11D0-8D11-00A0C91BC942}") = "task7", "task7\task7.vcxproj", "{A0D3DD80-5B5A-42D9-AEC5-DD1A94C65EAF}"
EndProject
Project("{8BC9CEB8-8B4A-11D0-8D11-00A0C91BC942}") = "task8", "task8\task8.vcxproj", "{1E5A9C54-383B-4122-9DE6-1E6ECA44B31D}"
EndProject
Project("{8BC9CEB8-8B4A-11D0-8D11-00A0C91BC942}") = "task9", "task9\task9.vcxproj", "{83831E4D-2760-4BE9-B6D5-C8D37887C539}"
EndProject
Global
	GlobalSection(SolutionConfigurationPlatforms) = preSolution
		Debug|x64 = Debug|x64
		Debug|x86 = Debug|x86
		Release|x64 = Release|x64
		Release|x86 = Release|x86
	EndGlobalSection
	GlobalSection(ProjectConfigurationPlatforms) = postSolution
		{A5346E66-09D9-40E7-BD7F-DBF507E84397}.Debug|x64.ActiveCfg = Debug|x64
		{A5346E66-09D9-40E7-BD7F-DBF507E84397}.Debug|x64.Build.0 = Debug|x64
		{A5346E66-09D9-40E7-BD7F-DBF507E84397}.Debug|x86.ActiveCfg = Debug|Win32
		{A5346E66-09D9-40E7-BD7F-DBF507E84397}.Debug|x86.Build.0 = Debug|Win32
		{A5346E66-09D9-40E7-BD7F-DBF507E84397}.Release|x64.ActiveCfg = Release|x64
		{A5346E66-09D9-40E7-BD7F-DBF507E84397}.Release|x64.Build.0 = Release|x64
		{A5346E66-09D9-40E7-BD7F-DBF507E84397}.Release|x86.ActiveCfg = Release|Win32
		{A5346E66-09D9-40E7-BD7F-DBF507E84397}.Release|x86.Build.0 = Release|Win32
		{810A49E7-D853-42D7-AD3F-5B64A7713163}.Debug|x64.ActiveCfg = Debug|x64
		{810A49E7-D853-42D7-AD3F-5B64A7713163}.Debug|x64.Build.0 = Debug|x64
		{810A49E7-D853-42D7-AD3F-5B64A7713163}.Debug|x86.ActiveCfg = Debug|Win32
		{810A49E7-D853-42D7-AD3F-5B64A7713163}.Debug|x86.Build.0 = Debug|Win32
		{810A49E7-D853-42D7-AD3F-5B64A7713163}.Release|x64.ActiveCfg = Release|x64
		{810A49E7-D853-42D7-AD3F-5B64A7713163}.Release|x64.Build.0 = Release|x64
		{810A49E7-D853-42D7-AD3F-5B64A7713163}.Release|x86.ActiveCfg = Release|Win32
		{810A49E7-D853-42D7-AD3F-5B64A7713163}.Release|x86.Build.0 = Release|Win32
		{B4135392-60D8-4C0F-B0AC-F0C15BFD0117}.Debug|x64.ActiveCfg = Debug|x64
		{B4135392-60D8-4C0F-B0AC-F0C15BFD0117}.Debug|x64.Build.0 = Debug|x64
		{B4135392-60D8-4C0F-B0AC-F0C15BFD0117}.Debug|x86.ActiveCfg = Debug|Win32
		{B4135392-60D8-4C0F-B0AC-F0C15BFD0117}.Debug|x86.Build.0 = Debug|Win32
		{B4135392-60D8-4C0F-B0AC-F0C15BFD0117}.Release|x64.ActiveCfg = Release|x64
		{B4135392-60D8-4C0F-B0AC-F0C15BFD0117}.Release|x64.Build.0 = Release|x64
		{B4135392-60D8-4C0F-B0AC-F0C15BFD0117}.Release|x86.ActiveCfg = Release|Win32
		{B4135392-60D8-4C0F-B0AC-F0C15BFD0117}.Release|x86.Build.0 = Release|Win32
		{76E75C9B-58BB-4A2A-BF1B-9A83A72F46B1}.Debug|x64.ActiveCfg = Debug|x64
		{76E75C9B-58BB-4A2A-BF1B-9A83A72F46B1}.Debug|x64.Build.0 = Debug|x64
		{76E75C9B-58BB-4A2A-BF1B-9A83A72F46B1}.Debug|x86.ActiveCfg = Debug|Win32
		{76E75C9B-58BB-4A2A-BF1B-9A83A72F46B1}.Debug|x86.Build.0 = Debug|Win32
		{76E75C9B-58BB-4A2A-BF1B-9A83A72F46B1}.Release|x64.ActiveCfg = Release|x64
		{76E75C9B-58BB-4A2A-BF1B-9A83A72F46B1}.Release|x64.Build.0 = Release|x64
		{76E75C9B-58BB-4A2A-BF1B-9A83A72F46B1}.Release|x86.ActiveCfg = Release|Win32
		{76E75C9B-58BB-4A2A-BF1B-9A83A72F46B1}.Release|x86.Build.0 = Release|Win32
		{38AD35A4-1A88-4A29-A187-7FB2D655E691}.Debug|x64.ActiveCfg = Debug|x64
		{38AD35A4-1A88-4A29-A187-7FB2D655E691}.Debug|x64.Build.0 = Debug|x64
		{38AD35A4-1A88-4A29-A187-7FB2D655E691}.Debug|x86.ActiveCfg = Debug|Win32
		{38AD35A4-1A88-4A29-A187-7FB2D655E691}.Debug|x86.Build.0 = Debug|Win32
		{38AD35A4-1A88-4A29-A187-7FB2D655E691}.Release|x64.ActiveCfg = Release|x64
		{38AD35A4-1A88-4A29-A187-7FB2D655E691}.Release|x64.Build.0 = Release|x64
		{38AD35A4-1A88-4A29-A187-7FB2D655E691}.Release|x86.ActiveCfg = Release|Win32
		{38AD35A4-1A88-4A29-A187-7FB2D655E691}.Release|x86.Build.0 = Release|Win32
		{A056DE5B-8881-4BDF-9F44-EDDE8FF56713}.Debug|x64.ActiveCfg = Debug|x64
		{A056DE5B-8881-4BDF-9F44-EDDE8FF56713}.Debug|x64.Build.0 = Debug|x64
		{A056DE5B-8881-4BDF-9F44-EDDE8FF56713}.Debug|x86.ActiveCfg = Debug|Win32
		{A056DE5B-8881-4BDF-9F44-EDDE8FF56713}.Debug|x86.Build.0 = Debug|Win32
		{A056DE5B-8881-4BDF-9F44-EDDE8FF56713}.Release|x64.ActiveCfg = Release|x64
		{A056DE5B-8881-4BDF-9F44-EDDE8FF56713}.Release|x64.Build.0 = Release|x64
		{A056DE5B-8881-4BDF-9F44-EDDE8FF56713}.Release|x86.ActiveCfg = Release|Win32
		{A056DE5B-8881-4BDF-9F44-EDDE8FF56713}.Release|x86.Build.0 = Release|Win32
		{A0D3DD80-5B5A-42D9-AEC5-DD1A94C65EAF}.Debug|x64.ActiveCfg = Debug|x64
		{A0D3DD80-5B5A-42D9-AEC5-DD1A94C65EAF}.Debug|x64.Build.0 = Debug|x64
		{A0D3DD80-5B5A-42D9-AEC5-DD1A94C65EAF}.Debug|x86.ActiveCfg = Debug|Win32
		{A0D3DD80-5B5A-42D9-AEC5-DD1A94C65EAF}.Debug|x86.Build.0 = Debug|Win32
		{A0D3DD80-5B5A-42D9-AEC5-DD1A94C65EAF}.Release|x64.ActiveCfg = Release|x64
		{A0D3DD80-5B5A-42D9-AEC5-DD1A94C65EAF}.Release|x64.Build.0 = Release|x64
		{A0D3DD80-5B5A-42D9-AEC5-DD1A94C65EAF}.Release|x86.ActiveCfg = Release|Win32
		{A0D3DD80-5B5A-42D9-AEC5-DD1A94C65EAF}.Release|x86.Build.0 = Release|Win32
		{1E5A9C54-383B-4122-9DE6-1E6ECA44B31D}.Debug|x64.ActiveCfg = Debug|x64
		{1E5A9C54-383B-4122-9DE6-1E6ECA44B31D}.Debug|x64.Build.0 = Debug|x64
		{1E5A9C54-383B-4122-9DE6-1E6ECA44B31D}.Debug|x86.ActiveCfg = Debug|Win32
		{1E5A9C54-383B-4122-9DE6-1E6ECA44B31D}.Debug|x86.Build.0 = Debug|Win32
		{1E5A9C54-383B-4122-9DE6-1E6ECA44B31D}.Release|x64.ActiveCfg = Release|x64
		{1E5A9C54-383B-4122-9DE6-1E6ECA44B31D}.Release|x64.Build.0 = Release|x64
		{1E5A9C54-383B-4122-9DE6-1E6ECA44B31D}.Release|x86.ActiveCfg = Release|Win32
		{1E5A9C54-383B-4122-9DE6-1E6ECA44B31D}.Release|x86.Build.0 = Release|Win32
		{83831E4D-2760-4BE9-B6D5-C8D37887C539}.Debug|x64.ActiveCfg = Debug|x64
		{83831E4D-2760-4BE9-B6D5-C8D37887C539}.Debug|x64.Build.0 = Debug|x64
		{83831E4D-2760-4BE9-B6D5-C8D37887C539}.Debug|x86.ActiveCfg = Debug|Win32
		{83831E4D-2760-4BE9-B6D5-C8D37887C539}.Debug|x86.Build.0 = Debug|Win32
		{83831E4D-2760-4BE9-B6D5-C8D37887C539}.Release|x64.ActiveCfg = Release|x64
		{83831E4D-2760-4BE9-B6D5-C8D37887C539}.Release|x64.Build.0 = Release|x64
		{83831E4D-2760-4BE9-B6D5-C8D37887C539}.Release|x86.ActiveCfg = Release|Win32
		{83831E4D-2760-4BE9-B6D5-C8D37887C539}.Release|x86.Build.0 = Release|Win32
	EndGlobalSection
	GlobalSection(SolutionProperties) = preSolution
		HideSolutionNode = FALSE
	EndGlobalSection
	GlobalSection(ExtensibilityGlobals) = postSolution
		SolutionGuid = {17641229-1800-411C-A3A8-F312608A187D}
	EndGlobalSection
EndGlobal
